<Solution>
  <Folder Name="/src/">
    <Project Path="src/NAutomate.Abstractions/NAutomate.Abstractions.csproj" />
    <Project Path="src/NAutomate.CLI/NAutomate.CLI.csproj" />
    <Project Path="src/NAutomate.Core/NAutomate.Core.csproj" />
    <Project Path="src/NAutomate.Modules/NAutomate.Modules.csproj" />
    <Project Path="src/NAutomate.Modules.Shell/NAutomate.Modules.Shell.csproj" />
    <Project Path="src/NAutomate.Parser/NAutomate.Parser.csproj" />
    <Project Path="src/NAutomate.UI/NAutomate.UI.csproj" />
    <Project Path="src/NAutomate.Web/NAutomate.Web.csproj" />
    <Project Path="src/NAutomate/NAutomate.csproj" />
  </Folder>
  <Folder Name="/tests/">
    <Project Path="tests/NAutomate.Tests/NAutomate.Tests.csproj" />
  </Folder>
</Solution>
